# THIS IS AN AUTOGENERATED FILE. DO NOT EDIT THIS FILE DIRECTLY.
# yarn lockfile v1


"@huggingface/inference@^1.6.0":
  version "1.6.0"
  resolved "https://registry.yarnpkg.com/@huggingface/inference/-/inference-1.6.0.tgz#9bc6cd51e589560d0622d614375e2fc29226a751"
  integrity sha512-j8feaIZp3ED4N98eb3szhYcp67pvwOCPZIkA9Ao4RCN5MPX+zUxOWP95ozhdUbQiAdyVNCB0UGoCpQywTgD8Aw==

"@types/node@^18.11.3":
  version "18.11.3"
  resolved "https://registry.yarnpkg.com/@types/node/-/node-18.11.3.tgz#78a6d7ec962b596fc2d2ec102c4dd3ef073fea6a"
  integrity sha512-fNjDQzzOsZeKZu5NATgXUPsaFaTxeRgFXoosrHivTl8RGeV733OLawXsGfEk9a8/tySyZUyiZ6E8LcjPFZ2y1A==
